
Microsoft Visual Studio Solution File, Format Version 12.00
# Visual Studio Version 17
VisualStudioVersion = 17.13.35806.99 d17.13
MinimumVisualStudioVersion = 10.0.40219.1
Project("{8BC9CEB8-8B4A-11D0-8D11-00A0C91BC942}") = "OS14_HTCOM", "OS14_HTCOM\OS14_HTCOM.vcxproj", "{87A811ED-4A69-46A5-99A3-843858C90A45}"
EndProject
Project("{8BC9CEB8-8B4A-11D0-8D11-00A0C91BC942}") = "OS14_HTCOM_LIB", "OS14_HTCOM_LIB\OS14_HTCOM_LIB.vcxproj", "{0FE3AA7D-B58E-4E3E-B999-FE5C140BC5E1}"
EndProject
Project("{8BC9CEB8-8B4A-11D0-8D11-00A0C91BC942}") = "OS14_CREATE", "OS14_CREATE\OS14_CREATE.vcxproj", "{D4A615F2-CFB9-4B3F-97CF-B7974239A12E}"
EndProject
Project("{8BC9CEB8-8B4A-11D0-8D11-00A0C91BC942}") = "OS14_START", "OS14_START\OS14_START.vcxproj", "{659F0E35-B505-4F37-99F2-8B92DEBC6978}"
EndProject
Project("{8BC9CEB8-8B4A-11D0-8D11-00A0C91BC942}") = "OS14_STOP", "OS14_STOP\OS14_STOP.vcxproj", "{8A161D82-F247-4B55-AF59-BD8FB75685A0}"
EndProject
Project("{8BC9CEB8-8B4A-11D0-8D11-00A0C91BC942}") = "OS14_02", "OS14_02\OS14_02.vcxproj", "{C3876BF5-3D5C-4D67-95D5-EDA0ED77E481}"
EndProject
Project("{8BC9CEB8-8B4A-11D0-8D11-00A0C91BC942}") = "OS14_03", "OS14_03\OS14_03.vcxproj", "{418F038F-DB56-4034-A521-2363824661A6}"
EndProject
Project("{8BC9CEB8-8B4A-11D0-8D11-00A0C91BC942}") = "OS14_04", "OS14_04\OS14_04.vcxproj", "{D6330524-BB4F-41C0-B06F-A25B93A4596C}"
EndProject
Global
	GlobalSection(SolutionConfigurationPlatforms) = preSolution
		Debug|x64 = Debug|x64
		Debug|x86 = Debug|x86
		Release|x64 = Release|x64
		Release|x86 = Release|x86
	EndGlobalSection
	GlobalSection(ProjectConfigurationPlatforms) = postSolution
		{87A811ED-4A69-46A5-99A3-843858C90A45}.Debug|x64.ActiveCfg = Debug|x64
		{87A811ED-4A69-46A5-99A3-843858C90A45}.Debug|x64.Build.0 = Debug|x64
		{87A811ED-4A69-46A5-99A3-843858C90A45}.Debug|x86.ActiveCfg = Debug|Win32
		{87A811ED-4A69-46A5-99A3-843858C90A45}.Debug|x86.Build.0 = Debug|Win32
		{87A811ED-4A69-46A5-99A3-843858C90A45}.Release|x64.ActiveCfg = Release|x64
		{87A811ED-4A69-46A5-99A3-843858C90A45}.Release|x64.Build.0 = Release|x64
		{87A811ED-4A69-46A5-99A3-843858C90A45}.Release|x86.ActiveCfg = Release|Win32
		{87A811ED-4A69-46A5-99A3-843858C90A45}.Release|x86.Build.0 = Release|Win32
		{0FE3AA7D-B58E-4E3E-B999-FE5C140BC5E1}.Debug|x64.ActiveCfg = Debug|x64
		{0FE3AA7D-B58E-4E3E-B999-FE5C140BC5E1}.Debug|x64.Build.0 = Debug|x64
		{0FE3AA7D-B58E-4E3E-B999-FE5C140BC5E1}.Debug|x86.ActiveCfg = Debug|Win32
		{0FE3AA7D-B58E-4E3E-B999-FE5C140BC5E1}.Debug|x86.Build.0 = Debug|Win32
		{0FE3AA7D-B58E-4E3E-B999-FE5C140BC5E1}.Release|x64.ActiveCfg = Release|x64
		{0FE3AA7D-B58E-4E3E-B999-FE5C140BC5E1}.Release|x64.Build.0 = Release|x64
		{0FE3AA7D-B58E-4E3E-B999-FE5C140BC5E1}.Release|x86.ActiveCfg = Release|Win32
		{0FE3AA7D-B58E-4E3E-B999-FE5C140BC5E1}.Release|x86.Build.0 = Release|Win32
		{D4A615F2-CFB9-4B3F-97CF-B7974239A12E}.Debug|x64.ActiveCfg = Debug|x64
		{D4A615F2-CFB9-4B3F-97CF-B7974239A12E}.Debug|x64.Build.0 = Debug|x64
		{D4A615F2-CFB9-4B3F-97CF-B7974239A12E}.Debug|x86.ActiveCfg = Debug|Win32
		{D4A615F2-CFB9-4B3F-97CF-B7974239A12E}.Debug|x86.Build.0 = Debug|Win32
		{D4A615F2-CFB9-4B3F-97CF-B7974239A12E}.Release|x64.ActiveCfg = Release|x64
		{D4A615F2-CFB9-4B3F-97CF-B7974239A12E}.Release|x64.Build.0 = Release|x64
		{D4A615F2-CFB9-4B3F-97CF-B7974239A12E}.Release|x86.ActiveCfg = Release|Win32
		{D4A615F2-CFB9-4B3F-97CF-B7974239A12E}.Release|x86.Build.0 = Release|Win32
		{659F0E35-B505-4F37-99F2-8B92DEBC6978}.Debug|x64.ActiveCfg = Debug|x64
		{659F0E35-B505-4F37-99F2-8B92DEBC6978}.Debug|x64.Build.0 = Debug|x64
		{659F0E35-B505-4F37-99F2-8B92DEBC6978}.Debug|x86.ActiveCfg = Debug|Win32
		{659F0E35-B505-4F37-99F2-8B92DEBC6978}.Debug|x86.Build.0 = Debug|Win32
		{659F0E35-B505-4F37-99F2-8B92DEBC6978}.Release|x64.ActiveCfg = Release|x64
		{659F0E35-B505-4F37-99F2-8B92DEBC6978}.Release|x64.Build.0 = Release|x64
		{659F0E35-B505-4F37-99F2-8B92DEBC6978}.Release|x86.ActiveCfg = Release|Win32
		{659F0E35-B505-4F37-99F2-8B92DEBC6978}.Release|x86.Build.0 = Release|Win32
		{8A161D82-F247-4B55-AF59-BD8FB75685A0}.Debug|x64.ActiveCfg = Debug|x64
		{8A161D82-F247-4B55-AF59-BD8FB75685A0}.Debug|x64.Build.0 = Debug|x64
		{8A161D82-F247-4B55-AF59-BD8FB75685A0}.Debug|x86.ActiveCfg = Debug|Win32
		{8A161D82-F247-4B55-AF59-BD8FB75685A0}.Debug|x86.Build.0 = Debug|Win32
		{8A161D82-F247-4B55-AF59-BD8FB75685A0}.Release|x64.ActiveCfg = Release|x64
		{8A161D82-F247-4B55-AF59-BD8FB75685A0}.Release|x64.Build.0 = Release|x64
		{8A161D82-F247-4B55-AF59-BD8FB75685A0}.Release|x86.ActiveCfg = Release|Win32
		{8A161D82-F247-4B55-AF59-BD8FB75685A0}.Release|x86.Build.0 = Release|Win32
		{C3876BF5-3D5C-4D67-95D5-EDA0ED77E481}.Debug|x64.ActiveCfg = Debug|x64
		{C3876BF5-3D5C-4D67-95D5-EDA0ED77E481}.Debug|x64.Build.0 = Debug|x64
		{C3876BF5-3D5C-4D67-95D5-EDA0ED77E481}.Debug|x86.ActiveCfg = Debug|Win32
		{C3876BF5-3D5C-4D67-95D5-EDA0ED77E481}.Debug|x86.Build.0 = Debug|Win32
		{C3876BF5-3D5C-4D67-95D5-EDA0ED77E481}.Release|x64.ActiveCfg = Release|x64
		{C3876BF5-3D5C-4D67-95D5-EDA0ED77E481}.Release|x64.Build.0 = Release|x64
		{C3876BF5-3D5C-4D67-95D5-EDA0ED77E481}.Release|x86.ActiveCfg = Release|Win32
		{C3876BF5-3D5C-4D67-95D5-EDA0ED77E481}.Release|x86.Build.0 = Release|Win32
		{418F038F-DB56-4034-A521-2363824661A6}.Debug|x64.ActiveCfg = Debug|x64
		{418F038F-DB56-4034-A521-2363824661A6}.Debug|x64.Build.0 = Debug|x64
		{418F038F-DB56-4034-A521-2363824661A6}.Debug|x86.ActiveCfg = Debug|Win32
		{418F038F-DB56-4034-A521-2363824661A6}.Debug|x86.Build.0 = Debug|Win32
		{418F038F-DB56-4034-A521-2363824661A6}.Release|x64.ActiveCfg = Release|x64
		{418F038F-DB56-4034-A521-2363824661A6}.Release|x64.Build.0 = Release|x64
		{418F038F-DB56-4034-A521-2363824661A6}.Release|x86.ActiveCfg = Release|Win32
		{418F038F-DB56-4034-A521-2363824661A6}.Release|x86.Build.0 = Release|Win32
		{D6330524-BB4F-41C0-B06F-A25B93A4596C}.Debug|x64.ActiveCfg = Debug|x64
		{D6330524-BB4F-41C0-B06F-A25B93A4596C}.Debug|x64.Build.0 = Debug|x64
		{D6330524-BB4F-41C0-B06F-A25B93A4596C}.Debug|x86.ActiveCfg = Debug|Win32
		{D6330524-BB4F-41C0-B06F-A25B93A4596C}.Debug|x86.Build.0 = Debug|Win32
		{D6330524-BB4F-41C0-B06F-A25B93A4596C}.Release|x64.ActiveCfg = Release|x64
		{D6330524-BB4F-41C0-B06F-A25B93A4596C}.Release|x64.Build.0 = Release|x64
		{D6330524-BB4F-41C0-B06F-A25B93A4596C}.Release|x86.ActiveCfg = Release|Win32
		{D6330524-BB4F-41C0-B06F-A25B93A4596C}.Release|x86.Build.0 = Release|Win32
	EndGlobalSection
	GlobalSection(SolutionProperties) = preSolution
		HideSolutionNode = FALSE
	EndGlobalSection
	GlobalSection(ExtensibilityGlobals) = postSolution
		SolutionGuid = {C9E32B3E-F46B-4CEC-9763-4A29989E9F5F}
	EndGlobalSection
EndGlobal
