
Microsoft Visual Studio Solution File, Format Version 12.00
# Visual Studio Version 17
VisualStudioVersion = 17.13.35806.99
MinimumVisualStudioVersion = 10.0.40219.1
Project("{FAE04EC0-301F-11D3-BF4B-00C04F79EFBC}") = "ASPA0010_1", "ASPA0010_1\ASPA0010_1.csproj", "{27BF01B6-317E-4A24-B090-ED68C65ACC5E}"
EndProject
Project("{FAE04EC0-301F-11D3-BF4B-00C04F79EFBC}") = "BSTU.Results.Collection", "BSTU.Results.Collection\BSTU.Results.Collection.csproj", "{8382C26F-A64F-4A5E-8883-A79644E82506}"
EndProject
Project("{FAE04EC0-301F-11D3-BF4B-00C04F79EFBC}") = "ResultsAuthenticate", "ResultsAuthenticate\ResultsAuthenticate.csproj", "{6CB80754-6EAB-4BE0-AE2D-C6DADC317002}"
EndProject
Global
	GlobalSection(SolutionConfigurationPlatforms) = preSolution
		Debug|Any CPU = Debug|Any CPU
		Release|Any CPU = Release|Any CPU
	EndGlobalSection
	GlobalSection(ProjectConfigurationPlatforms) = postSolution
		{27BF01B6-317E-4A24-B090-ED68C65ACC5E}.Debug|Any CPU.ActiveCfg = Debug|Any CPU
		{27BF01B6-317E-4A24-B090-ED68C65ACC5E}.Debug|Any CPU.Build.0 = Debug|Any CPU
		{27BF01B6-317E-4A24-B090-ED68C65ACC5E}.Release|Any CPU.ActiveCfg = Release|Any CPU
		{27BF01B6-317E-4A24-B090-ED68C65ACC5E}.Release|Any CPU.Build.0 = Release|Any CPU
		{8382C26F-A64F-4A5E-8883-A79644E82506}.Debug|Any CPU.ActiveCfg = Debug|Any CPU
		{8382C26F-A64F-4A5E-8883-A79644E82506}.Debug|Any CPU.Build.0 = Debug|Any CPU
		{8382C26F-A64F-4A5E-8883-A79644E82506}.Release|Any CPU.ActiveCfg = Release|Any CPU
		{8382C26F-A64F-4A5E-8883-A79644E82506}.Release|Any CPU.Build.0 = Release|Any CPU
		{6CB80754-6EAB-4BE0-AE2D-C6DADC317002}.Debug|Any CPU.ActiveCfg = Debug|Any CPU
		{6CB80754-6EAB-4BE0-AE2D-C6DADC317002}.Debug|Any CPU.Build.0 = Debug|Any CPU
		{6CB80754-6EAB-4BE0-AE2D-C6DADC317002}.Release|Any CPU.ActiveCfg = Release|Any CPU
		{6CB80754-6EAB-4BE0-AE2D-C6DADC317002}.Release|Any CPU.Build.0 = Release|Any CPU
	EndGlobalSection
	GlobalSection(SolutionProperties) = preSolution
		HideSolutionNode = FALSE
	EndGlobalSection
	GlobalSection(ExtensibilityGlobals) = postSolution
		SolutionGuid = {35AD8853-840C-4C20-98EF-03B512DAE9D6}
	EndGlobalSection
EndGlobal
