
Microsoft Visual Studio Solution File, Format Version 12.00
# Visual Studio Version 17
VisualStudioVersion = 17.13.35806.99 d17.13
MinimumVisualStudioVersion = 10.0.40219.1
Project("{8BC9CEB8-8B4A-11D0-8D11-00A0C91BC942}") = "OS13_HTCOM", "OS13_HTCOM\OS13_HTCOM.vcxproj", "{02D312E5-2200-4302-9B91-A76298BE1ECC}"
EndProject
Project("{8BC9CEB8-8B4A-11D0-8D11-00A0C91BC942}") = "OS13_HTCOM_LIB", "OS13_HTCOM_LIB\OS13_HTCOM_LIB.vcxproj", "{9E2CC1A0-6C07-4073-AAF0-9A69F08C944F}"
EndProject
Project("{8BC9CEB8-8B4A-11D0-8D11-00A0C91BC942}") = "OS13_CREATE", "OS13_CREATE\OS13_CREATE.vcxproj", "{41393CBA-3264-4762-8D6D-A09939D694FC}"
EndProject
Project("{8BC9CEB8-8B4A-11D0-8D11-00A0C91BC942}") = "OS13_START", "OS13_START\OS13_START.vcxproj", "{F56C33C0-B682-4FCB-AC3B-A44ABEF18562}"
EndProject
Project("{8BC9CEB8-8B4A-11D0-8D11-00A0C91BC942}") = "OS13_STOP", "OS13_STOP\OS13_STOP.vcxproj", "{A70FAA35-424F-47D9-90CA-F60276C3BD14}"
EndProject
Project("{8BC9CEB8-8B4A-11D0-8D11-00A0C91BC942}") = "OS_0402", "OS_0402\OS_0402.vcxproj", "{7A29BAD7-0EF0-4D75-A14B-DDB9E680F286}"
EndProject
Project("{8BC9CEB8-8B4A-11D0-8D11-00A0C91BC942}") = "OS_0403", "OS_0403\OS_0403.vcxproj", "{05D94FFB-6D0C-4163-BC90-0BC44878F006}"
EndProject
Project("{8BC9CEB8-8B4A-11D0-8D11-00A0C91BC942}") = "OS_0404", "OS_0404\OS_0404.vcxproj", "{A2C21962-0304-4FDB-A5DA-5C0D82AD2001}"
EndProject
Global
	GlobalSection(SolutionConfigurationPlatforms) = preSolution
		Debug|x64 = Debug|x64
		Debug|x86 = Debug|x86
		Release|x64 = Release|x64
		Release|x86 = Release|x86
	EndGlobalSection
	GlobalSection(ProjectConfigurationPlatforms) = postSolution
		{02D312E5-2200-4302-9B91-A76298BE1ECC}.Debug|x64.ActiveCfg = Debug|x64
		{02D312E5-2200-4302-9B91-A76298BE1ECC}.Debug|x64.Build.0 = Debug|x64
		{02D312E5-2200-4302-9B91-A76298BE1ECC}.Debug|x86.ActiveCfg = Debug|Win32
		{02D312E5-2200-4302-9B91-A76298BE1ECC}.Debug|x86.Build.0 = Debug|Win32
		{02D312E5-2200-4302-9B91-A76298BE1ECC}.Release|x64.ActiveCfg = Release|x64
		{02D312E5-2200-4302-9B91-A76298BE1ECC}.Release|x64.Build.0 = Release|x64
		{02D312E5-2200-4302-9B91-A76298BE1ECC}.Release|x86.ActiveCfg = Release|Win32
		{02D312E5-2200-4302-9B91-A76298BE1ECC}.Release|x86.Build.0 = Release|Win32
		{9E2CC1A0-6C07-4073-AAF0-9A69F08C944F}.Debug|x64.ActiveCfg = Debug|x64
		{9E2CC1A0-6C07-4073-AAF0-9A69F08C944F}.Debug|x64.Build.0 = Debug|x64
		{9E2CC1A0-6C07-4073-AAF0-9A69F08C944F}.Debug|x86.ActiveCfg = Debug|Win32
		{9E2CC1A0-6C07-4073-AAF0-9A69F08C944F}.Debug|x86.Build.0 = Debug|Win32
		{9E2CC1A0-6C07-4073-AAF0-9A69F08C944F}.Release|x64.ActiveCfg = Release|x64
		{9E2CC1A0-6C07-4073-AAF0-9A69F08C944F}.Release|x64.Build.0 = Release|x64
		{9E2CC1A0-6C07-4073-AAF0-9A69F08C944F}.Release|x86.ActiveCfg = Release|Win32
		{9E2CC1A0-6C07-4073-AAF0-9A69F08C944F}.Release|x86.Build.0 = Release|Win32
		{41393CBA-3264-4762-8D6D-A09939D694FC}.Debug|x64.ActiveCfg = Debug|x64
		{41393CBA-3264-4762-8D6D-A09939D694FC}.Debug|x64.Build.0 = Debug|x64
		{41393CBA-3264-4762-8D6D-A09939D694FC}.Debug|x86.ActiveCfg = Debug|Win32
		{41393CBA-3264-4762-8D6D-A09939D694FC}.Debug|x86.Build.0 = Debug|Win32
		{41393CBA-3264-4762-8D6D-A09939D694FC}.Release|x64.ActiveCfg = Release|x64
		{41393CBA-3264-4762-8D6D-A09939D694FC}.Release|x64.Build.0 = Release|x64
		{41393CBA-3264-4762-8D6D-A09939D694FC}.Release|x86.ActiveCfg = Release|Win32
		{41393CBA-3264-4762-8D6D-A09939D694FC}.Release|x86.Build.0 = Release|Win32
		{F56C33C0-B682-4FCB-AC3B-A44ABEF18562}.Debug|x64.ActiveCfg = Debug|x64
		{F56C33C0-B682-4FCB-AC3B-A44ABEF18562}.Debug|x64.Build.0 = Debug|x64
		{F56C33C0-B682-4FCB-AC3B-A44ABEF18562}.Debug|x86.ActiveCfg = Debug|Win32
		{F56C33C0-B682-4FCB-AC3B-A44ABEF18562}.Debug|x86.Build.0 = Debug|Win32
		{F56C33C0-B682-4FCB-AC3B-A44ABEF18562}.Release|x64.ActiveCfg = Release|x64
		{F56C33C0-B682-4FCB-AC3B-A44ABEF18562}.Release|x64.Build.0 = Release|x64
		{F56C33C0-B682-4FCB-AC3B-A44ABEF18562}.Release|x86.ActiveCfg = Release|Win32
		{F56C33C0-B682-4FCB-AC3B-A44ABEF18562}.Release|x86.Build.0 = Release|Win32
		{A70FAA35-424F-47D9-90CA-F60276C3BD14}.Debug|x64.ActiveCfg = Debug|x64
		{A70FAA35-424F-47D9-90CA-F60276C3BD14}.Debug|x64.Build.0 = Debug|x64
		{A70FAA35-424F-47D9-90CA-F60276C3BD14}.Debug|x86.ActiveCfg = Debug|Win32
		{A70FAA35-424F-47D9-90CA-F60276C3BD14}.Debug|x86.Build.0 = Debug|Win32
		{A70FAA35-424F-47D9-90CA-F60276C3BD14}.Release|x64.ActiveCfg = Release|x64
		{A70FAA35-424F-47D9-90CA-F60276C3BD14}.Release|x64.Build.0 = Release|x64
		{A70FAA35-424F-47D9-90CA-F60276C3BD14}.Release|x86.ActiveCfg = Release|Win32
		{A70FAA35-424F-47D9-90CA-F60276C3BD14}.Release|x86.Build.0 = Release|Win32
		{7A29BAD7-0EF0-4D75-A14B-DDB9E680F286}.Debug|x64.ActiveCfg = Debug|x64
		{7A29BAD7-0EF0-4D75-A14B-DDB9E680F286}.Debug|x64.Build.0 = Debug|x64
		{7A29BAD7-0EF0-4D75-A14B-DDB9E680F286}.Debug|x86.ActiveCfg = Debug|Win32
		{7A29BAD7-0EF0-4D75-A14B-DDB9E680F286}.Debug|x86.Build.0 = Debug|Win32
		{7A29BAD7-0EF0-4D75-A14B-DDB9E680F286}.Release|x64.ActiveCfg = Release|x64
		{7A29BAD7-0EF0-4D75-A14B-DDB9E680F286}.Release|x64.Build.0 = Release|x64
		{7A29BAD7-0EF0-4D75-A14B-DDB9E680F286}.Release|x86.ActiveCfg = Release|Win32
		{7A29BAD7-0EF0-4D75-A14B-DDB9E680F286}.Release|x86.Build.0 = Release|Win32
		{05D94FFB-6D0C-4163-BC90-0BC44878F006}.Debug|x64.ActiveCfg = Debug|x64
		{05D94FFB-6D0C-4163-BC90-0BC44878F006}.Debug|x64.Build.0 = Debug|x64
		{05D94FFB-6D0C-4163-BC90-0BC44878F006}.Debug|x86.ActiveCfg = Debug|Win32
		{05D94FFB-6D0C-4163-BC90-0BC44878F006}.Debug|x86.Build.0 = Debug|Win32
		{05D94FFB-6D0C-4163-BC90-0BC44878F006}.Release|x64.ActiveCfg = Release|x64
		{05D94FFB-6D0C-4163-BC90-0BC44878F006}.Release|x64.Build.0 = Release|x64
		{05D94FFB-6D0C-4163-BC90-0BC44878F006}.Release|x86.ActiveCfg = Release|Win32
		{05D94FFB-6D0C-4163-BC90-0BC44878F006}.Release|x86.Build.0 = Release|Win32
		{A2C21962-0304-4FDB-A5DA-5C0D82AD2001}.Debug|x64.ActiveCfg = Debug|x64
		{A2C21962-0304-4FDB-A5DA-5C0D82AD2001}.Debug|x64.Build.0 = Debug|x64
		{A2C21962-0304-4FDB-A5DA-5C0D82AD2001}.Debug|x86.ActiveCfg = Debug|Win32
		{A2C21962-0304-4FDB-A5DA-5C0D82AD2001}.Debug|x86.Build.0 = Debug|Win32
		{A2C21962-0304-4FDB-A5DA-5C0D82AD2001}.Release|x64.ActiveCfg = Release|x64
		{A2C21962-0304-4FDB-A5DA-5C0D82AD2001}.Release|x64.Build.0 = Release|x64
		{A2C21962-0304-4FDB-A5DA-5C0D82AD2001}.Release|x86.ActiveCfg = Release|Win32
		{A2C21962-0304-4FDB-A5DA-5C0D82AD2001}.Release|x86.Build.0 = Release|Win32
	EndGlobalSection
	GlobalSection(SolutionProperties) = preSolution
		HideSolutionNode = FALSE
	EndGlobalSection
	GlobalSection(ExtensibilityGlobals) = postSolution
		SolutionGuid = {805925B0-8142-4C41-9DC5-B8B1852A02A7}
	EndGlobalSection
EndGlobal
