
Microsoft Visual Studio Solution File, Format Version 12.00
# Visual Studio Version 17
VisualStudioVersion = 17.13.35806.99 d17.13
MinimumVisualStudioVersion = 10.0.40219.1
Project("{8BC9CEB8-8B4A-11D0-8D11-00A0C91BC942}") = "ClientNP", "ClientNP\ClientNP.vcxproj", "{81380144-BF34-4AFE-A8B9-52EE9B6970A6}"
EndProject
Project("{8BC9CEB8-8B4A-11D0-8D11-00A0C91BC942}") = "ClientNPct", "ClientNPct\ClientNPct.vcxproj", "{9B7CA5C4-414A-47D2-B5CF-FB5305698641}"
EndProject
Project("{8BC9CEB8-8B4A-11D0-8D11-00A0C91BC942}") = "ClientNPt", "ClientNPt\ClientNPt.vcxproj", "{7A4E521E-6873-47DD-91F1-77559C7267E3}"
EndProject
Project("{8BC9CEB8-8B4A-11D0-8D11-00A0C91BC942}") = "ServerNP", "ServerNP\ServerNP.vcxproj", "{295BC42C-D4DC-4B35-84ED-A560EBD6F0E0}"
EndProject
Global
	GlobalSection(SolutionConfigurationPlatforms) = preSolution
		Debug|x64 = Debug|x64
		Debug|x86 = Debug|x86
		Release|x64 = Release|x64
		Release|x86 = Release|x86
	EndGlobalSection
	GlobalSection(ProjectConfigurationPlatforms) = postSolution
		{81380144-BF34-4AFE-A8B9-52EE9B6970A6}.Debug|x64.ActiveCfg = Debug|x64
		{81380144-BF34-4AFE-A8B9-52EE9B6970A6}.Debug|x64.Build.0 = Debug|x64
		{81380144-BF34-4AFE-A8B9-52EE9B6970A6}.Debug|x86.ActiveCfg = Debug|Win32
		{81380144-BF34-4AFE-A8B9-52EE9B6970A6}.Debug|x86.Build.0 = Debug|Win32
		{81380144-BF34-4AFE-A8B9-52EE9B6970A6}.Release|x64.ActiveCfg = Release|x64
		{81380144-BF34-4AFE-A8B9-52EE9B6970A6}.Release|x64.Build.0 = Release|x64
		{81380144-BF34-4AFE-A8B9-52EE9B6970A6}.Release|x86.ActiveCfg = Release|Win32
		{81380144-BF34-4AFE-A8B9-52EE9B6970A6}.Release|x86.Build.0 = Release|Win32
		{9B7CA5C4-414A-47D2-B5CF-FB5305698641}.Debug|x64.ActiveCfg = Debug|x64
		{9B7CA5C4-414A-47D2-B5CF-FB5305698641}.Debug|x64.Build.0 = Debug|x64
		{9B7CA5C4-414A-47D2-B5CF-FB5305698641}.Debug|x86.ActiveCfg = Debug|Win32
		{9B7CA5C4-414A-47D2-B5CF-FB5305698641}.Debug|x86.Build.0 = Debug|Win32
		{9B7CA5C4-414A-47D2-B5CF-FB5305698641}.Release|x64.ActiveCfg = Release|x64
		{9B7CA5C4-414A-47D2-B5CF-FB5305698641}.Release|x64.Build.0 = Release|x64
		{9B7CA5C4-414A-47D2-B5CF-FB5305698641}.Release|x86.ActiveCfg = Release|Win32
		{9B7CA5C4-414A-47D2-B5CF-FB5305698641}.Release|x86.Build.0 = Release|Win32
		{7A4E521E-6873-47DD-91F1-77559C7267E3}.Debug|x64.ActiveCfg = Debug|x64
		{7A4E521E-6873-47DD-91F1-77559C7267E3}.Debug|x64.Build.0 = Debug|x64
		{7A4E521E-6873-47DD-91F1-77559C7267E3}.Debug|x86.ActiveCfg = Debug|Win32
		{7A4E521E-6873-47DD-91F1-77559C7267E3}.Debug|x86.Build.0 = Debug|Win32
		{7A4E521E-6873-47DD-91F1-77559C7267E3}.Release|x64.ActiveCfg = Release|x64
		{7A4E521E-6873-47DD-91F1-77559C7267E3}.Release|x64.Build.0 = Release|x64
		{7A4E521E-6873-47DD-91F1-77559C7267E3}.Release|x86.ActiveCfg = Release|Win32
		{7A4E521E-6873-47DD-91F1-77559C7267E3}.Release|x86.Build.0 = Release|Win32
		{295BC42C-D4DC-4B35-84ED-A560EBD6F0E0}.Debug|x64.ActiveCfg = Debug|x64
		{295BC42C-D4DC-4B35-84ED-A560EBD6F0E0}.Debug|x64.Build.0 = Debug|x64
		{295BC42C-D4DC-4B35-84ED-A560EBD6F0E0}.Debug|x86.ActiveCfg = Debug|Win32
		{295BC42C-D4DC-4B35-84ED-A560EBD6F0E0}.Debug|x86.Build.0 = Debug|Win32
		{295BC42C-D4DC-4B35-84ED-A560EBD6F0E0}.Release|x64.ActiveCfg = Release|x64
		{295BC42C-D4DC-4B35-84ED-A560EBD6F0E0}.Release|x64.Build.0 = Release|x64
		{295BC42C-D4DC-4B35-84ED-A560EBD6F0E0}.Release|x86.ActiveCfg = Release|Win32
		{295BC42C-D4DC-4B35-84ED-A560EBD6F0E0}.Release|x86.Build.0 = Release|Win32
	EndGlobalSection
	GlobalSection(SolutionProperties) = preSolution
		HideSolutionNode = FALSE
	EndGlobalSection
	GlobalSection(ExtensibilityGlobals) = postSolution
		SolutionGuid = {FE598D0C-CC1A-4B7E-A587-A689CAD63C0A}
	EndGlobalSection
EndGlobal
